
Microsoft Visual Studio Solution File, Format Version 12.00
# Visual Studio Version 16
VisualStudioVersion = 16.0.31205.134
MinimumVisualStudioVersion = 10.0.40219.1
Project("{FAE04EC0-301F-11D3-BF4B-00C04F79EFBC}") = "TaskPlanner", "TaskPlanner\TaskPlanner.csproj", "{96CE4E0A-8ADE-4AD6-BD62-F0E8A19FF94D}"
EndProject
Project("{FAE04EC0-301F-11D3-BF4B-00C04F79EFBC}") = "UnitTests", "UnitTests\UnitTests.csproj", "{D1270780-8C7F-4B97-96DE-2AACE11E8978}"
EndProject
Global
	GlobalSection(SolutionConfigurationPlatforms) = preSolution
		Debug|Any CPU = Debug|Any CPU
		Release|Any CPU = Release|Any CPU
	EndGlobalSection
	GlobalSection(ProjectConfigurationPlatforms) = postSolution
		{96CE4E0A-8ADE-4AD6-BD62-F0E8A19FF94D}.Debug|Any CPU.ActiveCfg = Debug|Any CPU
		{96CE4E0A-8ADE-4AD6-BD62-F0E8A19FF94D}.Debug|Any CPU.Build.0 = Debug|Any CPU
		{96CE4E0A-8ADE-4AD6-BD62-F0E8A19FF94D}.Release|Any CPU.ActiveCfg = Release|Any CPU
		{96CE4E0A-8ADE-4AD6-BD62-F0E8A19FF94D}.Release|Any CPU.Build.0 = Release|Any CPU
		{D1270780-8C7F-4B97-96DE-2AACE11E8978}.Debug|Any CPU.ActiveCfg = Debug|Any CPU
		{D1270780-8C7F-4B97-96DE-2AACE11E8978}.Debug|Any CPU.Build.0 = Debug|Any CPU
		{D1270780-8C7F-4B97-96DE-2AACE11E8978}.Release|Any CPU.ActiveCfg = Release|Any CPU
		{D1270780-8C7F-4B97-96DE-2AACE11E8978}.Release|Any CPU.Build.0 = Release|Any CPU
	EndGlobalSection
	GlobalSection(SolutionProperties) = preSolution
		HideSolutionNode = FALSE
	EndGlobalSection
	GlobalSection(ExtensibilityGlobals) = postSolution
		SolutionGuid = {628A1638-B7AF-4FD3-B8AF-F7775434D11F}
	EndGlobalSection
EndGlobal
